schema: '2.0'
stages:
  train_model:
    cmd: python train.py
    deps:
    - path: train.py
      md5: e447cfb408f7e233f587b4db2b6812f7
      size: 2575
    params:
      params.yaml:
        param: 1
    outs:
    - path: confusion_matrix.csv
      md5: 00e1f9d0d1bab29a927e3b231102b8c2
      size: 40017
    - path: metrics.json
      md5: 83efa6e781bdd4c45c9c29cba322144c
      size: 32
